
Microsoft Visual Studio Solution File, Format Version 12.00
# Visual Studio Version 16
VisualStudioVersion = 16.0.33927.289
MinimumVisualStudioVersion = 10.0.40219.1
Project("{FAE04EC0-301F-11D3-BF4B-00C04F79EFBC}") = "BakeryManagementSystem", "BakeryManagementSystem\BakeryManagementSystem.csproj", "{01327CD0-04D2-47DF-88C4-AB5E99474B11}"
EndProject
Global
	GlobalSection(SolutionConfigurationPlatforms) = preSolution
		Debug|Any CPU = Debug|Any CPU
		Release|Any CPU = Release|Any CPU
	EndGlobalSection
	GlobalSection(ProjectConfigurationPlatforms) = postSolution
		{01327CD0-04D2-47DF-88C4-AB5E99474B11}.Debug|Any CPU.ActiveCfg = Debug|Any CPU
		{01327CD0-04D2-47DF-88C4-AB5E99474B11}.Debug|Any CPU.Build.0 = Debug|Any CPU
		{01327CD0-04D2-47DF-88C4-AB5E99474B11}.Release|Any CPU.ActiveCfg = Release|Any CPU
		{01327CD0-04D2-47DF-88C4-AB5E99474B11}.Release|Any CPU.Build.0 = Release|Any CPU
	EndGlobalSection
	GlobalSection(SolutionProperties) = preSolution
		HideSolutionNode = FALSE
	EndGlobalSection
	GlobalSection(ExtensibilityGlobals) = postSolution
		SolutionGuid = {842B6488-A687-4F13-8335-BE3C9EB5A508}
	EndGlobalSection
EndGlobal
